
Microsoft Visual Studio Solution File, Format Version 12.00
# Visual Studio Version 17
VisualStudioVersion = 17.9.34728.123
MinimumVisualStudioVersion = 10.0.40219.1
Project("{FAE04EC0-301F-11D3-BF4B-00C04F79EFBC}") = "Remove Array of Number Multiple 3 and Sort them", "Remove Array of Number Multiple 3 and Sort them\Remove Array of Number Multiple 3 and Sort them.csproj", "{2E1D3370-3519-4243-A860-3DC9647E2067}"
EndProject
Global
	GlobalSection(SolutionConfigurationPlatforms) = preSolution
		Debug|Any CPU = Debug|Any CPU
		Release|Any CPU = Release|Any CPU
	EndGlobalSection
	GlobalSection(ProjectConfigurationPlatforms) = postSolution
		{2E1D3370-3519-4243-A860-3DC9647E2067}.Debug|Any CPU.ActiveCfg = Debug|Any CPU
		{2E1D3370-3519-4243-A860-3DC9647E2067}.Debug|Any CPU.Build.0 = Debug|Any CPU
		{2E1D3370-3519-4243-A860-3DC9647E2067}.Release|Any CPU.ActiveCfg = Release|Any CPU
		{2E1D3370-3519-4243-A860-3DC9647E2067}.Release|Any CPU.Build.0 = Release|Any CPU
	EndGlobalSection
	GlobalSection(SolutionProperties) = preSolution
		HideSolutionNode = FALSE
	EndGlobalSection
	GlobalSection(ExtensibilityGlobals) = postSolution
		SolutionGuid = {9FF53B53-C811-4B42-B70D-3CE091EAF5DA}
	EndGlobalSection
EndGlobal
